
Microsoft Visual Studio Solution File, Format Version 12.00
# Visual Studio Version 17
VisualStudioVersion = 17.0.31512.422
MinimumVisualStudioVersion = 10.0.40219.1
Project("{FAE04EC0-301F-11D3-BF4B-00C04F79EFBC}") = "ATMforms", "ATMforms\ATMforms.csproj", "{678AD256-3D42-47B0-866E-FDD9E2838E94}"
EndProject
Global
	GlobalSection(SolutionConfigurationPlatforms) = preSolution
		Debug|Any CPU = Debug|Any CPU
		Release|Any CPU = Release|Any CPU
	EndGlobalSection
	GlobalSection(ProjectConfigurationPlatforms) = postSolution
		{678AD256-3D42-47B0-866E-FDD9E2838E94}.Debug|Any CPU.ActiveCfg = Debug|Any CPU
		{678AD256-3D42-47B0-866E-FDD9E2838E94}.Debug|Any CPU.Build.0 = Debug|Any CPU
		{678AD256-3D42-47B0-866E-FDD9E2838E94}.Release|Any CPU.ActiveCfg = Release|Any CPU
		{678AD256-3D42-47B0-866E-FDD9E2838E94}.Release|Any CPU.Build.0 = Release|Any CPU
	EndGlobalSection
	GlobalSection(SolutionProperties) = preSolution
		HideSolutionNode = FALSE
	EndGlobalSection
	GlobalSection(ExtensibilityGlobals) = postSolution
		SolutionGuid = {D6CFE19A-1919-405D-AA41-947341055815}
	EndGlobalSection
EndGlobal
